
Microsoft Visual Studio Solution File, Format Version 12.00
Project("{FAE04EC0-301F-11D3-BF4B-00C04F79EFBC}") = "Day1", "Day1\Day1.csproj", "{75D3C059-3C9E-4917-B3B0-D94005F3951D}"
EndProject
Project("{FAE04EC0-301F-11D3-BF4B-00C04F79EFBC}") = "Day2", "Day2\Day2.csproj", "{EB638156-6781-4FC0-B681-BB7598853DC3}"
EndProject
Project("{FAE04EC0-301F-11D3-BF4B-00C04F79EFBC}") = "Day3", "Day3\Day3.csproj", "{3CE7F43A-2CC0-48C5-A6A5-5386B1B5A3EA}"
EndProject
Project("{FAE04EC0-301F-11D3-BF4B-00C04F79EFBC}") = "Day4", "Day4\Day4.csproj", "{FDD6C833-98E4-4997-A661-B9D77AF1D313}"
EndProject
Project("{FAE04EC0-301F-11D3-BF4B-00C04F79EFBC}") = "Day5", "Day5\Day5.csproj", "{C1AD66B2-ECD9-4911-97C9-862127D768F4}"
EndProject
Global
	GlobalSection(SolutionConfigurationPlatforms) = preSolution
		Debug|Any CPU = Debug|Any CPU
		Release|Any CPU = Release|Any CPU
	EndGlobalSection
	GlobalSection(ProjectConfigurationPlatforms) = postSolution
		{75D3C059-3C9E-4917-B3B0-D94005F3951D}.Debug|Any CPU.ActiveCfg = Debug|Any CPU
		{75D3C059-3C9E-4917-B3B0-D94005F3951D}.Debug|Any CPU.Build.0 = Debug|Any CPU
		{75D3C059-3C9E-4917-B3B0-D94005F3951D}.Release|Any CPU.ActiveCfg = Release|Any CPU
		{75D3C059-3C9E-4917-B3B0-D94005F3951D}.Release|Any CPU.Build.0 = Release|Any CPU
		{EB638156-6781-4FC0-B681-BB7598853DC3}.Debug|Any CPU.ActiveCfg = Debug|Any CPU
		{EB638156-6781-4FC0-B681-BB7598853DC3}.Debug|Any CPU.Build.0 = Debug|Any CPU
		{EB638156-6781-4FC0-B681-BB7598853DC3}.Release|Any CPU.ActiveCfg = Release|Any CPU
		{EB638156-6781-4FC0-B681-BB7598853DC3}.Release|Any CPU.Build.0 = Release|Any CPU
		{3CE7F43A-2CC0-48C5-A6A5-5386B1B5A3EA}.Debug|Any CPU.ActiveCfg = Debug|Any CPU
		{3CE7F43A-2CC0-48C5-A6A5-5386B1B5A3EA}.Debug|Any CPU.Build.0 = Debug|Any CPU
		{3CE7F43A-2CC0-48C5-A6A5-5386B1B5A3EA}.Release|Any CPU.ActiveCfg = Release|Any CPU
		{3CE7F43A-2CC0-48C5-A6A5-5386B1B5A3EA}.Release|Any CPU.Build.0 = Release|Any CPU
		{FDD6C833-98E4-4997-A661-B9D77AF1D313}.Debug|Any CPU.ActiveCfg = Debug|Any CPU
		{FDD6C833-98E4-4997-A661-B9D77AF1D313}.Debug|Any CPU.Build.0 = Debug|Any CPU
		{FDD6C833-98E4-4997-A661-B9D77AF1D313}.Release|Any CPU.ActiveCfg = Release|Any CPU
		{FDD6C833-98E4-4997-A661-B9D77AF1D313}.Release|Any CPU.Build.0 = Release|Any CPU
		{C1AD66B2-ECD9-4911-97C9-862127D768F4}.Debug|Any CPU.ActiveCfg = Debug|Any CPU
		{C1AD66B2-ECD9-4911-97C9-862127D768F4}.Debug|Any CPU.Build.0 = Debug|Any CPU
		{C1AD66B2-ECD9-4911-97C9-862127D768F4}.Release|Any CPU.ActiveCfg = Release|Any CPU
		{C1AD66B2-ECD9-4911-97C9-862127D768F4}.Release|Any CPU.Build.0 = Release|Any CPU
	EndGlobalSection
EndGlobal
